
Microsoft Visual Studio Solution File, Format Version 12.00
# Visual Studio 14
VisualStudioVersion = 14.0.24720.0
MinimumVisualStudioVersion = 10.0.40219.1
Project("{FAE04EC0-301F-11D3-BF4B-00C04F79EFBC}") = "Common", "Common\Common.csproj", "{1F3CFDBC-E068-44CD-A951-7F80957AAC9E}"
EndProject
Project("{FAE04EC0-301F-11D3-BF4B-00C04F79EFBC}") = "Game", "Game\Game.csproj", "{FD3D9D1E-EA98-4B33-BE1E-554BC53FF7F5}"
EndProject
Project("{FAE04EC0-301F-11D3-BF4B-00C04F79EFBC}") = "AI", "AI\AI.csproj", "{7F94EB51-21E0-4006-974A-E68128C035E9}"
EndProject
Project("{FAE04EC0-301F-11D3-BF4B-00C04F79EFBC}") = "Test", "Test\Test.csproj", "{B83B6B11-09A2-4FC8-A1AE-9E4C34C0461B}"
EndProject
Project("{2150E333-8FDC-42A3-9474-1A3956D46DE8}") = "Testing", "Testing", "{E744A777-E6C1-43FC-A338-00D7D6E5160E}"
EndProject
Project("{FAE04EC0-301F-11D3-BF4B-00C04F79EFBC}") = "UnitTests", "UnitTests\UnitTests.csproj", "{6E7F917C-26B7-4ED2-B1D3-C90D6073CACC}"
EndProject
Global
	GlobalSection(SolutionConfigurationPlatforms) = preSolution
		Debug|Any CPU = Debug|Any CPU
		Release|Any CPU = Release|Any CPU
	EndGlobalSection
	GlobalSection(ProjectConfigurationPlatforms) = postSolution
		{1F3CFDBC-E068-44CD-A951-7F80957AAC9E}.Debug|Any CPU.ActiveCfg = Debug|Any CPU
		{1F3CFDBC-E068-44CD-A951-7F80957AAC9E}.Debug|Any CPU.Build.0 = Debug|Any CPU
		{1F3CFDBC-E068-44CD-A951-7F80957AAC9E}.Release|Any CPU.ActiveCfg = Release|Any CPU
		{1F3CFDBC-E068-44CD-A951-7F80957AAC9E}.Release|Any CPU.Build.0 = Release|Any CPU
		{FD3D9D1E-EA98-4B33-BE1E-554BC53FF7F5}.Debug|Any CPU.ActiveCfg = Debug|Any CPU
		{FD3D9D1E-EA98-4B33-BE1E-554BC53FF7F5}.Debug|Any CPU.Build.0 = Debug|Any CPU
		{FD3D9D1E-EA98-4B33-BE1E-554BC53FF7F5}.Release|Any CPU.ActiveCfg = Release|Any CPU
		{FD3D9D1E-EA98-4B33-BE1E-554BC53FF7F5}.Release|Any CPU.Build.0 = Release|Any CPU
		{7F94EB51-21E0-4006-974A-E68128C035E9}.Debug|Any CPU.ActiveCfg = Debug|Any CPU
		{7F94EB51-21E0-4006-974A-E68128C035E9}.Debug|Any CPU.Build.0 = Debug|Any CPU
		{7F94EB51-21E0-4006-974A-E68128C035E9}.Release|Any CPU.ActiveCfg = Release|Any CPU
		{7F94EB51-21E0-4006-974A-E68128C035E9}.Release|Any CPU.Build.0 = Release|Any CPU
		{B83B6B11-09A2-4FC8-A1AE-9E4C34C0461B}.Debug|Any CPU.ActiveCfg = Debug|Any CPU
		{B83B6B11-09A2-4FC8-A1AE-9E4C34C0461B}.Debug|Any CPU.Build.0 = Debug|Any CPU
		{B83B6B11-09A2-4FC8-A1AE-9E4C34C0461B}.Release|Any CPU.ActiveCfg = Release|Any CPU
		{B83B6B11-09A2-4FC8-A1AE-9E4C34C0461B}.Release|Any CPU.Build.0 = Release|Any CPU
		{6E7F917C-26B7-4ED2-B1D3-C90D6073CACC}.Debug|Any CPU.ActiveCfg = Debug|Any CPU
		{6E7F917C-26B7-4ED2-B1D3-C90D6073CACC}.Debug|Any CPU.Build.0 = Debug|Any CPU
		{6E7F917C-26B7-4ED2-B1D3-C90D6073CACC}.Release|Any CPU.ActiveCfg = Release|Any CPU
		{6E7F917C-26B7-4ED2-B1D3-C90D6073CACC}.Release|Any CPU.Build.0 = Release|Any CPU
	EndGlobalSection
	GlobalSection(SolutionProperties) = preSolution
		HideSolutionNode = FALSE
	EndGlobalSection
	GlobalSection(NestedProjects) = preSolution
		{B83B6B11-09A2-4FC8-A1AE-9E4C34C0461B} = {E744A777-E6C1-43FC-A338-00D7D6E5160E}
		{6E7F917C-26B7-4ED2-B1D3-C90D6073CACC} = {E744A777-E6C1-43FC-A338-00D7D6E5160E}
	EndGlobalSection
EndGlobal
